{
  "name": "@johnhenry/mport",
  "version": "0.0.0",
  "lockfileVersion": 3,
  "requires": true,
  "packages": {
    "": {
      "name": "@johnhenry/mport",
      "version": "0.0.0",
      "license": "MIT",
      "bin": {
        "mport": "bin/mport.mjs"
      },
      "engines": {
        "node": ">=26.0.0"
      }
    }
  }
}
